
Microsoft Visual Studio Solution File, Format Version 12.00
# Visual Studio Version 17
VisualStudioVersion = 17.4.33213.308
MinimumVisualStudioVersion = 10.0.40219.1
Project("{FAE04EC0-301F-11D3-BF4B-00C04F79EFBC}") = "MK2", "MK2\MK2.csproj", "{8DF07C56-CB6E-4122-92C3-D8F6B7FB1BE5}"
EndProject
Global
	GlobalSection(SolutionConfigurationPlatforms) = preSolution
		Debug|Any CPU = Debug|Any CPU
		Release|Any CPU = Release|Any CPU
	EndGlobalSection
	GlobalSection(ProjectConfigurationPlatforms) = postSolution
		{8DF07C56-CB6E-4122-92C3-D8F6B7FB1BE5}.Debug|Any CPU.ActiveCfg = Debug|Any CPU
		{8DF07C56-CB6E-4122-92C3-D8F6B7FB1BE5}.Debug|Any CPU.Build.0 = Debug|Any CPU
		{8DF07C56-CB6E-4122-92C3-D8F6B7FB1BE5}.Release|Any CPU.ActiveCfg = Release|Any CPU
		{8DF07C56-CB6E-4122-92C3-D8F6B7FB1BE5}.Release|Any CPU.Build.0 = Release|Any CPU
	EndGlobalSection
	GlobalSection(SolutionProperties) = preSolution
		HideSolutionNode = FALSE
	EndGlobalSection
	GlobalSection(ExtensibilityGlobals) = postSolution
		SolutionGuid = {F4C9BFFA-BBA4-4FBD-99AA-7AB35362CB2B}
	EndGlobalSection
EndGlobal
