
Microsoft Visual Studio Solution File, Format Version 12.00
# Visual Studio Version 17
VisualStudioVersion = 17.4.33205.214
MinimumVisualStudioVersion = 10.0.40219.1
Project("{FAE04EC0-301F-11D3-BF4B-00C04F79EFBC}") = "Knife Damage Mod", "Knife Damage Mod.csproj", "{605FEA28-E26A-46C8-99A5-2935C1B1CE66}"
EndProject
Global
	GlobalSection(SolutionConfigurationPlatforms) = preSolution
		Debug|Any CPU = Debug|Any CPU
		Release|Any CPU = Release|Any CPU
	EndGlobalSection
	GlobalSection(ProjectConfigurationPlatforms) = postSolution
		{605FEA28-E26A-46C8-99A5-2935C1B1CE66}.Debug|Any CPU.ActiveCfg = Debug|Any CPU
		{605FEA28-E26A-46C8-99A5-2935C1B1CE66}.Debug|Any CPU.Build.0 = Debug|Any CPU
		{605FEA28-E26A-46C8-99A5-2935C1B1CE66}.Release|Any CPU.ActiveCfg = Release|Any CPU
		{605FEA28-E26A-46C8-99A5-2935C1B1CE66}.Release|Any CPU.Build.0 = Release|Any CPU
	EndGlobalSection
	GlobalSection(SolutionProperties) = preSolution
		HideSolutionNode = FALSE
	EndGlobalSection
	GlobalSection(ExtensibilityGlobals) = postSolution
		SolutionGuid = {5740BECA-2BE4-4318-B78C-4995F8D1C9DC}
	EndGlobalSection
EndGlobal
